
Microsoft Visual Studio Solution File, Format Version 12.00
# Visual Studio Version 17
VisualStudioVersion = 17.3.32901.215
MinimumVisualStudioVersion = 10.0.40219.1
Project("{FAE04EC0-301F-11D3-BF4B-00C04F79EFBC}") = "Collections", "Collections\Collections.csproj", "{A5CCD14E-851D-4F28-B14B-5FFDF26F79D3}"
EndProject
Project("{FAE04EC0-301F-11D3-BF4B-00C04F79EFBC}") = "CollectionListas", "CollectionListas\CollectionListas.csproj", "{D7C698D2-B444-47B2-B101-C807F706CA57}"
EndProject
Project("{FAE04EC0-301F-11D3-BF4B-00C04F79EFBC}") = "ListasDeObjetos", "ListasDeObjetos\ListasDeObjetos.csproj", "{FD5FFDA8-39F6-4775-9FE2-9788A16647A3}"
EndProject
Global
	GlobalSection(SolutionConfigurationPlatforms) = preSolution
		Debug|Any CPU = Debug|Any CPU
		Release|Any CPU = Release|Any CPU
	EndGlobalSection
	GlobalSection(ProjectConfigurationPlatforms) = postSolution
		{A5CCD14E-851D-4F28-B14B-5FFDF26F79D3}.Debug|Any CPU.ActiveCfg = Debug|Any CPU
		{A5CCD14E-851D-4F28-B14B-5FFDF26F79D3}.Debug|Any CPU.Build.0 = Debug|Any CPU
		{A5CCD14E-851D-4F28-B14B-5FFDF26F79D3}.Release|Any CPU.ActiveCfg = Release|Any CPU
		{A5CCD14E-851D-4F28-B14B-5FFDF26F79D3}.Release|Any CPU.Build.0 = Release|Any CPU
		{D7C698D2-B444-47B2-B101-C807F706CA57}.Debug|Any CPU.ActiveCfg = Debug|Any CPU
		{D7C698D2-B444-47B2-B101-C807F706CA57}.Debug|Any CPU.Build.0 = Debug|Any CPU
		{D7C698D2-B444-47B2-B101-C807F706CA57}.Release|Any CPU.ActiveCfg = Release|Any CPU
		{D7C698D2-B444-47B2-B101-C807F706CA57}.Release|Any CPU.Build.0 = Release|Any CPU
		{FD5FFDA8-39F6-4775-9FE2-9788A16647A3}.Debug|Any CPU.ActiveCfg = Debug|Any CPU
		{FD5FFDA8-39F6-4775-9FE2-9788A16647A3}.Debug|Any CPU.Build.0 = Debug|Any CPU
		{FD5FFDA8-39F6-4775-9FE2-9788A16647A3}.Release|Any CPU.ActiveCfg = Release|Any CPU
		{FD5FFDA8-39F6-4775-9FE2-9788A16647A3}.Release|Any CPU.Build.0 = Release|Any CPU
	EndGlobalSection
	GlobalSection(SolutionProperties) = preSolution
		HideSolutionNode = FALSE
	EndGlobalSection
	GlobalSection(ExtensibilityGlobals) = postSolution
		SolutionGuid = {0A0B7B28-460B-42D3-8E2F-627429E3F15E}
	EndGlobalSection
EndGlobal
